# This file is generated by running "yarn install" inside your project.
# Manual changes might be lost - proceed with caution!

__metadata:
  version: 8
  cacheKey: 10

"@babel/helper-string-parser@npm:^7.27.1":
  version: 7.27.1
  resolution: "@babel/helper-string-parser@npm:7.27.1"
  checksum: 10/0ae29cc2005084abdae2966afdb86ed14d41c9c37db02c3693d5022fba9f5d59b011d039380b8e537c34daf117c549f52b452398f576e908fb9db3c7abbb3a00
  languageName: node
  linkType: hard

"@babel/helper-validator-identifier@npm:^7.27.1":
  version: 7.27.1
  resolution: "@babel/helper-validator-identifier@npm:7.27.1"
  checksum: 10/75041904d21bdc0cd3b07a8ac90b11d64cd3c881e89cb936fa80edd734bf23c35e6bd1312611e8574c4eab1f3af0f63e8a5894f4699e9cfdf70c06fcf4252320
  languageName: node
  linkType: hard

"@babel/parser@npm:^7.28.3":
  version: 7.28.4
  resolution: "@babel/parser@npm:7.28.4"
  dependencies:
    "@babel/types": "npm:^7.28.4"
  bin:
    parser: ./bin/babel-parser.js
  checksum: 10/f54c46213ef180b149f6a17ea765bf40acc1aebe2009f594e2a283aec69a190c6dda1fdf24c61a258dbeb903abb8ffb7a28f1a378f8ab5d333846ce7b7e23bf1
  languageName: node
  linkType: hard

"@babel/types@npm:^7.28.4":
  version: 7.28.4
  resolution: "@babel/types@npm:7.28.4"
  dependencies:
    "@babel/helper-string-parser": "npm:^7.27.1"
    "@babel/helper-validator-identifier": "npm:^7.27.1"
  checksum: 10/db50bf257aafa5d845ad16dae0587f57d596e4be4cbb233ea539976a4c461f9fbcc0bf3d37adae3f8ce5dcb4001462aa608f3558161258b585f6ce6ce21a2e45
  languageName: node
  linkType: hard

"@cspotcode/source-map-support@npm:^0.8.0":
  version: 0.8.1
  resolution: "@cspotcode/source-map-support@npm:0.8.1"
  dependencies:
    "@jridgewell/trace-mapping": "npm:0.3.9"
  checksum: 10/b6e38a1712fab242c86a241c229cf562195aad985d0564bd352ac404be583029e89e93028ffd2c251d2c407ecac5fb0cbdca94a2d5c10f29ac806ede0508b3ff
  languageName: node
  linkType: hard

"@jridgewell/resolve-uri@npm:^3.0.3":
  version: 3.1.2
  resolution: "@jridgewell/resolve-uri@npm:3.1.2"
  checksum: 10/97106439d750a409c22c8bff822d648f6a71f3aa9bc8e5129efdc36343cd3096ddc4eeb1c62d2fe48e9bdd4db37b05d4646a17114ecebd3bbcacfa2de51c3c1d
  languageName: node
  linkType: hard

"@jridgewell/sourcemap-codec@npm:^1.4.10":
  version: 1.4.15
  resolution: "@jridgewell/sourcemap-codec@npm:1.4.15"
  checksum: 10/89960ac087781b961ad918978975bcdf2051cd1741880469783c42de64239703eab9db5230d776d8e6a09d73bb5e4cb964e07d93ee6e2e7aea5a7d726e865c09
  languageName: node
  linkType: hard

"@jridgewell/sourcemap-codec@npm:^1.5.5":
  version: 1.5.5
  resolution: "@jridgewell/sourcemap-codec@npm:1.5.5"
  checksum: 10/5d9d207b462c11e322d71911e55e21a4e2772f71ffe8d6f1221b8eb5ae6774458c1d242f897fb0814e8714ca9a6b498abfa74dfe4f434493342902b1a48b33a5
  languageName: node
  linkType: hard

"@jridgewell/trace-mapping@npm:0.3.9":
  version: 0.3.9
  resolution: "@jridgewell/trace-mapping@npm:0.3.9"
  dependencies:
    "@jridgewell/resolve-uri": "npm:^3.0.3"
    "@jridgewell/sourcemap-codec": "npm:^1.4.10"
  checksum: 10/83deafb8e7a5ca98993c2c6eeaa93c270f6f647a4c0dc00deb38c9cf9b2d3b7bf15e8839540155247ef034a052c0ec4466f980bf0c9e2ab63b97d16c0cedd3ff
  languageName: node
  linkType: hard

"@tsconfig/node10@npm:^1.0.7":
  version: 1.0.11
  resolution: "@tsconfig/node10@npm:1.0.11"
  checksum: 10/51fe47d55fe1b80ec35e6e5ed30a13665fd3a531945350aa74a14a1e82875fb60b350c2f2a5e72a64831b1b6bc02acb6760c30b3738b54954ec2dea82db7a267
  languageName: node
  linkType: hard

"@tsconfig/node12@npm:^1.0.7":
  version: 1.0.11
  resolution: "@tsconfig/node12@npm:1.0.11"
  checksum: 10/5ce29a41b13e7897a58b8e2df11269c5395999e588b9a467386f99d1d26f6c77d1af2719e407621412520ea30517d718d5192a32403b8dfcc163bf33e40a338a
  languageName: node
  linkType: hard

"@tsconfig/node14@npm:^1.0.0":
  version: 1.0.3
  resolution: "@tsconfig/node14@npm:1.0.3"
  checksum: 10/19275fe80c4c8d0ad0abed6a96dbf00642e88b220b090418609c4376e1cef81bf16237bf170ad1b341452feddb8115d8dd2e5acdfdea1b27422071163dc9ba9d
  languageName: node
  linkType: hard

"@tsconfig/node16@npm:^1.0.2":
  version: 1.0.4
  resolution: "@tsconfig/node16@npm:1.0.4"
  checksum: 10/202319785901f942a6e1e476b872d421baec20cf09f4b266a1854060efbf78cde16a4d256e8bc949d31e6cd9a90f1e8ef8fb06af96a65e98338a2b6b0de0a0ff
  languageName: node
  linkType: hard

"@types/node@npm:22.17.2":
  version: 22.17.2
  resolution: "@types/node@npm:22.17.2"
  dependencies:
    undici-types: "npm:~6.21.0"
  checksum: 10/b830746c65e014d7d47102ab2f24ec74bdb60156b9b75af42e75d81375f211904347125c00543b5fd7119223b3157726bc9814619205571c0a0afd6ce3c43abb
  languageName: node
  linkType: hard

"@types/web-bluetooth@npm:^0.0.20":
  version: 0.0.20
  resolution: "@types/web-bluetooth@npm:0.0.20"
  checksum: 10/2faa323e5c994e9468fff4675e3b6d35f3730eb4dc7c761d02267fb6246dbfd659fd8f3583db0872aae05b3ee139799c25655bbe79bf1b56c08c06e665db814b
  languageName: node
  linkType: hard

"@vue/compiler-core@npm:3.5.21":
  version: 3.5.21
  resolution: "@vue/compiler-core@npm:3.5.21"
  dependencies:
    "@babel/parser": "npm:^7.28.3"
    "@vue/shared": "npm:3.5.21"
    entities: "npm:^4.5.0"
    estree-walker: "npm:^2.0.2"
    source-map-js: "npm:^1.2.1"
  checksum: 10/a50ccf92a9560490be40fed324b43d76c75d3df024fe4d52ac1630b1027b39035f9af8dca84f6c75e6063c0812fde8de36b43feb77b7af01a3ed7ca689f1680c
  languageName: node
  linkType: hard

"@vue/compiler-dom@npm:3.5.21":
  version: 3.5.21
  resolution: "@vue/compiler-dom@npm:3.5.21"
  dependencies:
    "@vue/compiler-core": "npm:3.5.21"
    "@vue/shared": "npm:3.5.21"
  checksum: 10/371f8a88c1d3906feb39d8e06ccebc1a4459f1ebbb39f8b2081c424b6fc69a0f9f791a1e9a64ce825c54368bd0b6c518ab8a4d75a969ae3320824c68e747fdf7
  languageName: node
  linkType: hard

"@vue/compiler-sfc@npm:3.5.21":
  version: 3.5.21
  resolution: "@vue/compiler-sfc@npm:3.5.21"
  dependencies:
    "@babel/parser": "npm:^7.28.3"
    "@vue/compiler-core": "npm:3.5.21"
    "@vue/compiler-dom": "npm:3.5.21"
    "@vue/compiler-ssr": "npm:3.5.21"
    "@vue/shared": "npm:3.5.21"
    estree-walker: "npm:^2.0.2"
    magic-string: "npm:^0.30.18"
    postcss: "npm:^8.5.6"
    source-map-js: "npm:^1.2.1"
  checksum: 10/de1378dc6a516f3e39aa52eecb16e660128a3420700ddba2e6d98e4fa41a233f7e09aee38aec2556379a1aa9500c5da75c6531cf098ad0d7b7e1be79d04b6ec5
  languageName: node
  linkType: hard

"@vue/compiler-ssr@npm:3.5.21":
  version: 3.5.21
  resolution: "@vue/compiler-ssr@npm:3.5.21"
  dependencies:
    "@vue/compiler-dom": "npm:3.5.21"
    "@vue/shared": "npm:3.5.21"
  checksum: 10/6d1c5cf9ca998da694fee88c92f835f749901fececcaa4150f6f53b5b50fdae272906f829262055ea35298de2dab13f0eabf5acf22a6b94f5df2b7fff56639b2
  languageName: node
  linkType: hard

"@vue/reactivity@npm:3.5.21":
  version: 3.5.21
  resolution: "@vue/reactivity@npm:3.5.21"
  dependencies:
    "@vue/shared": "npm:3.5.21"
  checksum: 10/d99249132392f69a63175e425d7179adfb0847a2ec7af811d3735bd64e83586068acf50f4d3d19e49573cbe517d585cf9ee850029c30e18f39335c53c52dba75
  languageName: node
  linkType: hard

"@vue/runtime-core@npm:3.5.21":
  version: 3.5.21
  resolution: "@vue/runtime-core@npm:3.5.21"
  dependencies:
    "@vue/reactivity": "npm:3.5.21"
    "@vue/shared": "npm:3.5.21"
  checksum: 10/b80d37b05d86742660f5d2dc0a74589e83fb07e56e6e8835cbc2bb8a31bed13709e569960d18623969a2a6cc4ae121f96e5736bb9b5ceae4f711e8e5ff5f6237
  languageName: node
  linkType: hard

"@vue/runtime-dom@npm:3.5.21":
  version: 3.5.21
  resolution: "@vue/runtime-dom@npm:3.5.21"
  dependencies:
    "@vue/reactivity": "npm:3.5.21"
    "@vue/runtime-core": "npm:3.5.21"
    "@vue/shared": "npm:3.5.21"
    csstype: "npm:^3.1.3"
  checksum: 10/3d7fbd77844a0bf0b84282900bcab6a2c33e82d4ed390db1ced28427b2b5db6e0a575bff8ba70121b29120ae16efe24dcaadb1021b91699fef66f59552117308
  languageName: node
  linkType: hard

"@vue/server-renderer@npm:3.5.21":
  version: 3.5.21
  resolution: "@vue/server-renderer@npm:3.5.21"
  dependencies:
    "@vue/compiler-ssr": "npm:3.5.21"
    "@vue/shared": "npm:3.5.21"
  peerDependencies:
    vue: 3.5.21
  checksum: 10/7554e22d35cdb834201ddd925479fcd333fed466b41a6be34dc8c551f5a249fe3f74539df0619573db290716e83ae4ac7ef39232c590f9a5a4365cd3f1479b5c
  languageName: node
  linkType: hard

"@vue/shared@npm:3.5.21":
  version: 3.5.21
  resolution: "@vue/shared@npm:3.5.21"
  checksum: 10/2bb8b884e88383d24ccbd31246d3079f53bc14ee3766c20364b3e2fff4f6d21d9900d8c88dc72acbad9f8a3981356297593b013562e51f3b85e78206e90a2e70
  languageName: node
  linkType: hard

"@vueuse/core@npm:11.1.0":
  version: 11.1.0
  resolution: "@vueuse/core@npm:11.1.0"
  dependencies:
    "@types/web-bluetooth": "npm:^0.0.20"
    "@vueuse/metadata": "npm:11.1.0"
    "@vueuse/shared": "npm:11.1.0"
    vue-demi: "npm:>=0.14.10"
  checksum: 10/2ed51d0a49588bf23f18b31e16756b0ddd1a97e1fa426f73e805d76c52d1b51959372f04040e7bdad2d922568afe8a5c6674e6efbeac17624ee843bad17671bf
  languageName: node
  linkType: hard

"@vueuse/metadata@npm:11.1.0":
  version: 11.1.0
  resolution: "@vueuse/metadata@npm:11.1.0"
  checksum: 10/3bb0171a275845780678360a8e74591b52ad3a25aba61bee0e57924410918c343ccb94b9317a06e77c92e6e18a7d22ddf46ea51eea930fea6ca9b06053875522
  languageName: node
  linkType: hard

"@vueuse/shared@npm:11.1.0":
  version: 11.1.0
  resolution: "@vueuse/shared@npm:11.1.0"
  dependencies:
    vue-demi: "npm:>=0.14.10"
  checksum: 10/467bd1da45e4cf8d5a9c91129bd7e2cfecd80e896e8fd11e6a85fa28d2743b124faf595fc54e1c00359f721b3faf70c5f9574130c7ab3a30c4891a89c77b80fd
  languageName: node
  linkType: hard

"acorn-walk@npm:^8.1.1":
  version: 8.3.2
  resolution: "acorn-walk@npm:8.3.2"
  checksum: 10/57dbe2fd8cf744f562431775741c5c087196cd7a65ce4ccb3f3981cdfad25cd24ad2bad404997b88464ac01e789a0a61e5e355b2a84876f13deef39fb39686ca
  languageName: node
  linkType: hard

"acorn@npm:^8.4.1":
  version: 8.11.3
  resolution: "acorn@npm:8.11.3"
  bin:
    acorn: bin/acorn
  checksum: 10/b688e7e3c64d9bfb17b596e1b35e4da9d50553713b3b3630cf5690f2b023a84eac90c56851e6912b483fe60e8b4ea28b254c07e92f17ef83d72d78745a8352dd
  languageName: node
  linkType: hard

"arg@npm:^4.1.0":
  version: 4.1.3
  resolution: "arg@npm:4.1.3"
  checksum: 10/969b491082f20cad166649fa4d2073ea9e974a4e5ac36247ca23d2e5a8b3cb12d60e9ff70a8acfe26d76566c71fd351ee5e6a9a6595157eb36f92b1fd64e1599
  languageName: node
  linkType: hard

"create-require@npm:^1.1.0":
  version: 1.1.1
  resolution: "create-require@npm:1.1.1"
  checksum: 10/a9a1503d4390d8b59ad86f4607de7870b39cad43d929813599a23714831e81c520bddf61bcdd1f8e30f05fd3a2b71ae8538e946eb2786dc65c2bbc520f692eff
  languageName: node
  linkType: hard

"csstype@npm:^3.1.3":
  version: 3.1.3
  resolution: "csstype@npm:3.1.3"
  checksum: 10/f593cce41ff5ade23f44e77521e3a1bcc2c64107041e1bf6c3c32adc5187d0d60983292fda326154d20b01079e24931aa5b08e4467cc488b60bb1e7f6d478ade
  languageName: node
  linkType: hard

"diff@npm:^4.0.1":
  version: 4.0.2
  resolution: "diff@npm:4.0.2"
  checksum: 10/ec09ec2101934ca5966355a229d77afcad5911c92e2a77413efda5455636c4cf2ce84057e2d7715227a2eeeda04255b849bd3ae3a4dd22eb22e86e76456df069
  languageName: node
  linkType: hard

"entities@npm:^4.5.0":
  version: 4.5.0
  resolution: "entities@npm:4.5.0"
  checksum: 10/ede2a35c9bce1aeccd055a1b445d41c75a14a2bb1cd22e242f20cf04d236cdcd7f9c859eb83f76885327bfae0c25bf03303665ee1ce3d47c5927b98b0e3e3d48
  languageName: node
  linkType: hard

"estree-walker@npm:^2.0.2":
  version: 2.0.2
  resolution: "estree-walker@npm:2.0.2"
  checksum: 10/b02109c5d46bc2ed47de4990eef770f7457b1159a229f0999a09224d2b85ffeed2d7679cffcff90aeb4448e94b0168feb5265b209cdec29aad50a3d6e93d21e2
  languageName: node
  linkType: hard

"magic-string@npm:^0.30.18":
  version: 0.30.18
  resolution: "magic-string@npm:0.30.18"
  dependencies:
    "@jridgewell/sourcemap-codec": "npm:^1.5.5"
  checksum: 10/dd180f174cfe066f501dc700ec58815eae3cbde402308f3326574bad09a5ff9c9c5b6fc71502e9d1c663254614fe21679c6360cd39aaeedd2cee1b40e14669f2
  languageName: node
  linkType: hard

"make-error@npm:^1.1.1":
  version: 1.3.6
  resolution: "make-error@npm:1.3.6"
  checksum: 10/b86e5e0e25f7f777b77fabd8e2cbf15737972869d852a22b7e73c17623928fccb826d8e46b9951501d3f20e51ad74ba8c59ed584f610526a48f8ccf88aaec402
  languageName: node
  linkType: hard

"nanoid@npm:^3.3.11":
  version: 3.3.11
  resolution: "nanoid@npm:3.3.11"
  bin:
    nanoid: bin/nanoid.cjs
  checksum: 10/73b5afe5975a307aaa3c95dfe3334c52cdf9ae71518176895229b8d65ab0d1c0417dd081426134eb7571c055720428ea5d57c645138161e7d10df80815527c48
  languageName: node
  linkType: hard

"picocolors@npm:^1.1.1":
  version: 1.1.1
  resolution: "picocolors@npm:1.1.1"
  checksum: 10/e1cf46bf84886c79055fdfa9dcb3e4711ad259949e3565154b004b260cd356c5d54b31a1437ce9782624bf766272fe6b0154f5f0c744fb7af5d454d2b60db045
  languageName: node
  linkType: hard

"postcss@npm:^8.5.6":
  version: 8.5.6
  resolution: "postcss@npm:8.5.6"
  dependencies:
    nanoid: "npm:^3.3.11"
    picocolors: "npm:^1.1.1"
    source-map-js: "npm:^1.2.1"
  checksum: 10/9e4fbe97574091e9736d0e82a591e29aa100a0bf60276a926308f8c57249698935f35c5d2f4e80de778d0cbb8dcffab4f383d85fd50c5649aca421c3df729b86
  languageName: node
  linkType: hard

"prettier@npm:3.6.2":
  version: 3.6.2
  resolution: "prettier@npm:3.6.2"
  bin:
    prettier: bin/prettier.cjs
  checksum: 10/1213691706bcef1371d16ef72773c8111106c3533b660b1cc8ec158bd109cdf1462804125f87f981f23c4a3dba053b6efafda30ab0114cc5b4a725606bb9ff26
  languageName: node
  linkType: hard

"source-map-js@npm:^1.2.1":
  version: 1.2.1
  resolution: "source-map-js@npm:1.2.1"
  checksum: 10/ff9d8c8bf096d534a5b7707e0382ef827b4dd360a577d3f34d2b9f48e12c9d230b5747974ee7c607f0df65113732711bb701fe9ece3c7edbd43cb2294d707df3
  languageName: node
  linkType: hard

"ts-node@npm:10.9.2":
  version: 10.9.2
  resolution: "ts-node@npm:10.9.2"
  dependencies:
    "@cspotcode/source-map-support": "npm:^0.8.0"
    "@tsconfig/node10": "npm:^1.0.7"
    "@tsconfig/node12": "npm:^1.0.7"
    "@tsconfig/node14": "npm:^1.0.0"
    "@tsconfig/node16": "npm:^1.0.2"
    acorn: "npm:^8.4.1"
    acorn-walk: "npm:^8.1.1"
    arg: "npm:^4.1.0"
    create-require: "npm:^1.1.0"
    diff: "npm:^4.0.1"
    make-error: "npm:^1.1.1"
    v8-compile-cache-lib: "npm:^3.0.1"
    yn: "npm:3.1.1"
  peerDependencies:
    "@swc/core": ">=1.2.50"
    "@swc/wasm": ">=1.2.50"
    "@types/node": "*"
    typescript: ">=2.7"
  peerDependenciesMeta:
    "@swc/core":
      optional: true
    "@swc/wasm":
      optional: true
  bin:
    ts-node: dist/bin.js
    ts-node-cwd: dist/bin-cwd.js
    ts-node-esm: dist/bin-esm.js
    ts-node-script: dist/bin-script.js
    ts-node-transpile-only: dist/bin-transpile.js
    ts-script: dist/bin-script-deprecated.js
  checksum: 10/a91a15b3c9f76ac462f006fa88b6bfa528130dcfb849dd7ef7f9d640832ab681e235b8a2bc58ecde42f72851cc1d5d4e22c901b0c11aa51001ea1d395074b794
  languageName: node
  linkType: hard

"typescript@npm:5.9.2":
  version: 5.9.2
  resolution: "typescript@npm:5.9.2"
  bin:
    tsc: bin/tsc
    tsserver: bin/tsserver
  checksum: 10/cc2fe6c822819de5d453fa25aa9f32096bf70dde215d481faa1ad84a283dfb264e33988ed8f6d36bc803dd0b16dbe943efa311a798ef76d5b3892a05dfbfd628
  languageName: node
  linkType: hard

"typescript@patch:typescript@npm%3A5.9.2#optional!builtin<compat/typescript>":
  version: 5.9.2
  resolution: "typescript@patch:typescript@npm%3A5.9.2#optional!builtin<compat/typescript>::version=5.9.2&hash=5786d5"
  bin:
    tsc: bin/tsc
    tsserver: bin/tsserver
  checksum: 10/bd810ab13e8e557225a8b5122370385440b933e4e077d5c7641a8afd207fdc8be9c346e3c678adba934b64e0e70b0acf5eef9493ea05170a48ce22bef845fdc7
  languageName: node
  linkType: hard

"undici-types@npm:~6.21.0":
  version: 6.21.0
  resolution: "undici-types@npm:6.21.0"
  checksum: 10/ec8f41aa4359d50f9b59fa61fe3efce3477cc681908c8f84354d8567bb3701fafdddf36ef6bff307024d3feb42c837cf6f670314ba37fc8145e219560e473d14
  languageName: node
  linkType: hard

"v8-compile-cache-lib@npm:^3.0.1":
  version: 3.0.1
  resolution: "v8-compile-cache-lib@npm:3.0.1"
  checksum: 10/88d3423a52b6aaf1836be779cab12f7016d47ad8430dffba6edf766695e6d90ad4adaa3d8eeb512cc05924f3e246c4a4ca51e089dccf4402caa536b5e5be8961
  languageName: node
  linkType: hard

"vue-demi@npm:>=0.14.10":
  version: 0.14.10
  resolution: "vue-demi@npm:0.14.10"
  peerDependencies:
    "@vue/composition-api": ^1.0.0-rc.1
    vue: ^3.0.0-0 || ^2.6.0
  peerDependenciesMeta:
    "@vue/composition-api":
      optional: true
  bin:
    vue-demi-fix: bin/vue-demi-fix.js
    vue-demi-switch: bin/vue-demi-switch.js
  checksum: 10/3028239c0c25a84361a13ab936fcc9a199f54e0320c2ec1d2f4fdf7da8bae663382b7c1e5b1f5a1a43f6aebc73b955892cd4b6c7b3eaf2b766e18cc2a6f7ebea
  languageName: node
  linkType: hard

"vue3-enter-to-tab@workspace:.":
  version: 0.0.0-use.local
  resolution: "vue3-enter-to-tab@workspace:."
  dependencies:
    "@types/node": "npm:22.17.2"
    "@vueuse/core": "npm:11.1.0"
    prettier: "npm:3.6.2"
    ts-node: "npm:10.9.2"
    typescript: "npm:5.9.2"
    vue: "npm:3.5.21"
  languageName: unknown
  linkType: soft

"vue@npm:3.5.21":
  version: 3.5.21
  resolution: "vue@npm:3.5.21"
  dependencies:
    "@vue/compiler-dom": "npm:3.5.21"
    "@vue/compiler-sfc": "npm:3.5.21"
    "@vue/runtime-dom": "npm:3.5.21"
    "@vue/server-renderer": "npm:3.5.21"
    "@vue/shared": "npm:3.5.21"
  peerDependencies:
    typescript: "*"
  peerDependenciesMeta:
    typescript:
      optional: true
  checksum: 10/60a755e605c21f44226610403aa05bc68f4f651efa7f0b753b102d1442b05e8606c563b87ca44c6323c6f81ea05b411a4591c36ece78bb4daddb764cb1bc1150
  languageName: node
  linkType: hard

"yn@npm:3.1.1":
  version: 3.1.1
  resolution: "yn@npm:3.1.1"
  checksum: 10/2c487b0e149e746ef48cda9f8bad10fc83693cd69d7f9dcd8be4214e985de33a29c9e24f3c0d6bcf2288427040a8947406ab27f7af67ee9456e6b84854f02dd6
  languageName: node
  linkType: hard
