# This file is generated by running "yarn install" inside your project.
# Manual changes might be lost - proceed with caution!

__metadata:
  version: 8
  cacheKey: 10

"@babel/helper-string-parser@npm:^7.24.6":
  version: 7.24.6
  resolution: "@babel/helper-string-parser@npm:7.24.6"
  checksum: 10/a24631e13850eb24a5e88fba4d1b86115a79f6d4a0b3a96641fdcdc4a6d706d7e09f17ae77fa26bc72a8a7253bc83b535a2e2865a78185ed1f957b299ea6c59c
  languageName: node
  linkType: hard

"@babel/helper-validator-identifier@npm:^7.24.6":
  version: 7.24.6
  resolution: "@babel/helper-validator-identifier@npm:7.24.6"
  checksum: 10/7e725ef0684291ca3306d5174a5d1cd9072ad58ba444cfa50aaf92a5c59dd723fa15031733ac598bb6b066cb62c2472e14cd82325522348977a72e99aa21b97a
  languageName: node
  linkType: hard

"@babel/parser@npm:^7.24.7":
  version: 7.24.7
  resolution: "@babel/parser@npm:7.24.7"
  bin:
    parser: ./bin/babel-parser.js
  checksum: 10/ef9ebce60e13db560ccc7af9235d460f6726bb7e23ae2d675098c1fc43d5249067be60d4118889dad33b1d4f85162cf66baf554719e1669f29bb20e71322568e
  languageName: node
  linkType: hard

"@babel/types@npm:^7.8.3":
  version: 7.24.6
  resolution: "@babel/types@npm:7.24.6"
  dependencies:
    "@babel/helper-string-parser": "npm:^7.24.6"
    "@babel/helper-validator-identifier": "npm:^7.24.6"
    to-fast-properties: "npm:^2.0.0"
  checksum: 10/34552539cdc740513650cb3c7754f77a55cc5253dff9d45afd52292d366eb1c099939d5db066e458abcf4c9a7dedfe43467445f9c2208b3cb64866762dee5e9d
  languageName: node
  linkType: hard

"@cspotcode/source-map-support@npm:^0.8.0":
  version: 0.8.1
  resolution: "@cspotcode/source-map-support@npm:0.8.1"
  dependencies:
    "@jridgewell/trace-mapping": "npm:0.3.9"
  checksum: 10/b6e38a1712fab242c86a241c229cf562195aad985d0564bd352ac404be583029e89e93028ffd2c251d2c407ecac5fb0cbdca94a2d5c10f29ac806ede0508b3ff
  languageName: node
  linkType: hard

"@jridgewell/resolve-uri@npm:^3.0.3":
  version: 3.1.2
  resolution: "@jridgewell/resolve-uri@npm:3.1.2"
  checksum: 10/97106439d750a409c22c8bff822d648f6a71f3aa9bc8e5129efdc36343cd3096ddc4eeb1c62d2fe48e9bdd4db37b05d4646a17114ecebd3bbcacfa2de51c3c1d
  languageName: node
  linkType: hard

"@jridgewell/sourcemap-codec@npm:^1.4.10, @jridgewell/sourcemap-codec@npm:^1.4.15":
  version: 1.4.15
  resolution: "@jridgewell/sourcemap-codec@npm:1.4.15"
  checksum: 10/89960ac087781b961ad918978975bcdf2051cd1741880469783c42de64239703eab9db5230d776d8e6a09d73bb5e4cb964e07d93ee6e2e7aea5a7d726e865c09
  languageName: node
  linkType: hard

"@jridgewell/trace-mapping@npm:0.3.9":
  version: 0.3.9
  resolution: "@jridgewell/trace-mapping@npm:0.3.9"
  dependencies:
    "@jridgewell/resolve-uri": "npm:^3.0.3"
    "@jridgewell/sourcemap-codec": "npm:^1.4.10"
  checksum: 10/83deafb8e7a5ca98993c2c6eeaa93c270f6f647a4c0dc00deb38c9cf9b2d3b7bf15e8839540155247ef034a052c0ec4466f980bf0c9e2ab63b97d16c0cedd3ff
  languageName: node
  linkType: hard

"@tsconfig/node10@npm:^1.0.7":
  version: 1.0.11
  resolution: "@tsconfig/node10@npm:1.0.11"
  checksum: 10/51fe47d55fe1b80ec35e6e5ed30a13665fd3a531945350aa74a14a1e82875fb60b350c2f2a5e72a64831b1b6bc02acb6760c30b3738b54954ec2dea82db7a267
  languageName: node
  linkType: hard

"@tsconfig/node12@npm:^1.0.7":
  version: 1.0.11
  resolution: "@tsconfig/node12@npm:1.0.11"
  checksum: 10/5ce29a41b13e7897a58b8e2df11269c5395999e588b9a467386f99d1d26f6c77d1af2719e407621412520ea30517d718d5192a32403b8dfcc163bf33e40a338a
  languageName: node
  linkType: hard

"@tsconfig/node14@npm:^1.0.0":
  version: 1.0.3
  resolution: "@tsconfig/node14@npm:1.0.3"
  checksum: 10/19275fe80c4c8d0ad0abed6a96dbf00642e88b220b090418609c4376e1cef81bf16237bf170ad1b341452feddb8115d8dd2e5acdfdea1b27422071163dc9ba9d
  languageName: node
  linkType: hard

"@tsconfig/node16@npm:^1.0.2":
  version: 1.0.4
  resolution: "@tsconfig/node16@npm:1.0.4"
  checksum: 10/202319785901f942a6e1e476b872d421baec20cf09f4b266a1854060efbf78cde16a4d256e8bc949d31e6cd9a90f1e8ef8fb06af96a65e98338a2b6b0de0a0ff
  languageName: node
  linkType: hard

"@types/node@npm:20.14.2":
  version: 20.14.2
  resolution: "@types/node@npm:20.14.2"
  dependencies:
    undici-types: "npm:~5.26.4"
  checksum: 10/c38e47b190fa0a8bdfde24b036dddcf9401551f2fb170a90ff33625c7d6f218907e81c74e0fa6e394804a32623c24c60c50e249badc951007830f0d02c48ee0f
  languageName: node
  linkType: hard

"@types/web-bluetooth@npm:^0.0.20":
  version: 0.0.20
  resolution: "@types/web-bluetooth@npm:0.0.20"
  checksum: 10/2faa323e5c994e9468fff4675e3b6d35f3730eb4dc7c761d02267fb6246dbfd659fd8f3583db0872aae05b3ee139799c25655bbe79bf1b56c08c06e665db814b
  languageName: node
  linkType: hard

"@vue/compiler-core@npm:3.4.29":
  version: 3.4.29
  resolution: "@vue/compiler-core@npm:3.4.29"
  dependencies:
    "@babel/parser": "npm:^7.24.7"
    "@vue/shared": "npm:3.4.29"
    entities: "npm:^4.5.0"
    estree-walker: "npm:^2.0.2"
    source-map-js: "npm:^1.2.0"
  checksum: 10/870942e8ff60cbd7b33b75b54a3fcb506ed769d3f8ab45a770ff505f8012d7de51637b34f60755f216e510c818a691b0c0f53693324321f018b0db479505035c
  languageName: node
  linkType: hard

"@vue/compiler-dom@npm:3.4.29":
  version: 3.4.29
  resolution: "@vue/compiler-dom@npm:3.4.29"
  dependencies:
    "@vue/compiler-core": "npm:3.4.29"
    "@vue/shared": "npm:3.4.29"
  checksum: 10/08bd24212e42b497afb487fe9360b11f1358a054828d895d6fb35d9e6fbb6c01cc0b40c10e3599a15250a85c98c89327382753c430df566d0701fae451971025
  languageName: node
  linkType: hard

"@vue/compiler-sfc@npm:3.4.29":
  version: 3.4.29
  resolution: "@vue/compiler-sfc@npm:3.4.29"
  dependencies:
    "@babel/parser": "npm:^7.24.7"
    "@vue/compiler-core": "npm:3.4.29"
    "@vue/compiler-dom": "npm:3.4.29"
    "@vue/compiler-ssr": "npm:3.4.29"
    "@vue/shared": "npm:3.4.29"
    estree-walker: "npm:^2.0.2"
    magic-string: "npm:^0.30.10"
    postcss: "npm:^8.4.38"
    source-map-js: "npm:^1.2.0"
  checksum: 10/36ba099c66bb44fe19ec366462cb938dd358901d43d56bd4a4dc36402d519756033e9234be3b8a49400de9557aee3f350da03e2f97f3da253275fb696036c3fa
  languageName: node
  linkType: hard

"@vue/compiler-ssr@npm:3.4.29":
  version: 3.4.29
  resolution: "@vue/compiler-ssr@npm:3.4.29"
  dependencies:
    "@vue/compiler-dom": "npm:3.4.29"
    "@vue/shared": "npm:3.4.29"
  checksum: 10/c34b66471d930232726ef847e63eb59bd928421f9fdf9a4a28531f267aeb71a690fc6aff3c7588f18b931ba51b2b67792f5615428adf2e5582a8d316e4dc6ba4
  languageName: node
  linkType: hard

"@vue/reactivity@npm:3.4.29":
  version: 3.4.29
  resolution: "@vue/reactivity@npm:3.4.29"
  dependencies:
    "@vue/shared": "npm:3.4.29"
  checksum: 10/3e99d14cbd1d4b0cf2c765b82fe6e068be80f552cac41df6987b580090dd0a2423d72b62e2eb7eb0c606f9fa2dbc65a67e57c251798800156d7292c57388508b
  languageName: node
  linkType: hard

"@vue/runtime-core@npm:3.4.29":
  version: 3.4.29
  resolution: "@vue/runtime-core@npm:3.4.29"
  dependencies:
    "@vue/reactivity": "npm:3.4.29"
    "@vue/shared": "npm:3.4.29"
  checksum: 10/27fc06ec085cc5bc5fc29eee4e48dd12994ffabee86a996803cef6ee18251e18515d0a1c35ab86d8de1e8c5109baa225bb1c658847038962940826e3695373b6
  languageName: node
  linkType: hard

"@vue/runtime-dom@npm:3.4.29":
  version: 3.4.29
  resolution: "@vue/runtime-dom@npm:3.4.29"
  dependencies:
    "@vue/reactivity": "npm:3.4.29"
    "@vue/runtime-core": "npm:3.4.29"
    "@vue/shared": "npm:3.4.29"
    csstype: "npm:^3.1.3"
  checksum: 10/5e5aa02133e1688d585b919932da80a53522d81356fda37f8c53973c4b3f097747c67902922d2cec48a2485fe339e0c1f7ee6d34456c3e7477073757c585213c
  languageName: node
  linkType: hard

"@vue/server-renderer@npm:3.4.29":
  version: 3.4.29
  resolution: "@vue/server-renderer@npm:3.4.29"
  dependencies:
    "@vue/compiler-ssr": "npm:3.4.29"
    "@vue/shared": "npm:3.4.29"
  peerDependencies:
    vue: 3.4.29
  checksum: 10/137291bf7482c2c550b6edead26f09f658bb7b082b8e7dbb94aea80dac5b9dea535f5dcd925bca51ffbec5df88734a29b0a972d84cbd17cf9169ee74c7f8335f
  languageName: node
  linkType: hard

"@vue/shared@npm:3.4.29":
  version: 3.4.29
  resolution: "@vue/shared@npm:3.4.29"
  checksum: 10/496f2f5fa4c2230a616332f8b00ab4f857726e43ffdd1afae3affff376e141f0983d73c76abcb63ffed8e186f3913b111470964f14772a52029a4144e3df85aa
  languageName: node
  linkType: hard

"@vueuse/core@npm:^10.10.0":
  version: 10.11.0
  resolution: "@vueuse/core@npm:10.11.0"
  dependencies:
    "@types/web-bluetooth": "npm:^0.0.20"
    "@vueuse/metadata": "npm:10.11.0"
    "@vueuse/shared": "npm:10.11.0"
    vue-demi: "npm:>=0.14.8"
  checksum: 10/6f2bcba82f3ce70d56174f341a621aa259ebf710b28fcf1b000a68a4a28c7c249aee9ffce58ef00659133b44f409616d500310b645271f58f10529c925556a69
  languageName: node
  linkType: hard

"@vueuse/metadata@npm:10.11.0":
  version: 10.11.0
  resolution: "@vueuse/metadata@npm:10.11.0"
  checksum: 10/52229c65facf4c83bd18d67c995ebeadd927d92902882d82e131242610bdad7422889e3001c8dc95d8c3a189c9c63dffa2b73f8d6a0c071405790e4fc2fc6233
  languageName: node
  linkType: hard

"@vueuse/shared@npm:10.11.0":
  version: 10.11.0
  resolution: "@vueuse/shared@npm:10.11.0"
  dependencies:
    vue-demi: "npm:>=0.14.8"
  checksum: 10/670d8b934ba6348de085a82aa3adf457421bd2d18a7db3db29d67aa74fd36ef4123847858b9340aeb843b8feece3ef9118c90d400780dda29ecc961c08706553
  languageName: node
  linkType: hard

"acorn-walk@npm:^8.1.1":
  version: 8.3.2
  resolution: "acorn-walk@npm:8.3.2"
  checksum: 10/57dbe2fd8cf744f562431775741c5c087196cd7a65ce4ccb3f3981cdfad25cd24ad2bad404997b88464ac01e789a0a61e5e355b2a84876f13deef39fb39686ca
  languageName: node
  linkType: hard

"acorn@npm:^8.4.1":
  version: 8.11.3
  resolution: "acorn@npm:8.11.3"
  bin:
    acorn: bin/acorn
  checksum: 10/b688e7e3c64d9bfb17b596e1b35e4da9d50553713b3b3630cf5690f2b023a84eac90c56851e6912b483fe60e8b4ea28b254c07e92f17ef83d72d78745a8352dd
  languageName: node
  linkType: hard

"arg@npm:^4.1.0":
  version: 4.1.3
  resolution: "arg@npm:4.1.3"
  checksum: 10/969b491082f20cad166649fa4d2073ea9e974a4e5ac36247ca23d2e5a8b3cb12d60e9ff70a8acfe26d76566c71fd351ee5e6a9a6595157eb36f92b1fd64e1599
  languageName: node
  linkType: hard

"create-require@npm:^1.1.0":
  version: 1.1.1
  resolution: "create-require@npm:1.1.1"
  checksum: 10/a9a1503d4390d8b59ad86f4607de7870b39cad43d929813599a23714831e81c520bddf61bcdd1f8e30f05fd3a2b71ae8538e946eb2786dc65c2bbc520f692eff
  languageName: node
  linkType: hard

"csstype@npm:^3.1.3":
  version: 3.1.3
  resolution: "csstype@npm:3.1.3"
  checksum: 10/f593cce41ff5ade23f44e77521e3a1bcc2c64107041e1bf6c3c32adc5187d0d60983292fda326154d20b01079e24931aa5b08e4467cc488b60bb1e7f6d478ade
  languageName: node
  linkType: hard

"diff@npm:^4.0.1":
  version: 4.0.2
  resolution: "diff@npm:4.0.2"
  checksum: 10/ec09ec2101934ca5966355a229d77afcad5911c92e2a77413efda5455636c4cf2ce84057e2d7715227a2eeeda04255b849bd3ae3a4dd22eb22e86e76456df069
  languageName: node
  linkType: hard

"entities@npm:^4.5.0":
  version: 4.5.0
  resolution: "entities@npm:4.5.0"
  checksum: 10/ede2a35c9bce1aeccd055a1b445d41c75a14a2bb1cd22e242f20cf04d236cdcd7f9c859eb83f76885327bfae0c25bf03303665ee1ce3d47c5927b98b0e3e3d48
  languageName: node
  linkType: hard

"estree-walker@npm:^2.0.2":
  version: 2.0.2
  resolution: "estree-walker@npm:2.0.2"
  checksum: 10/b02109c5d46bc2ed47de4990eef770f7457b1159a229f0999a09224d2b85ffeed2d7679cffcff90aeb4448e94b0168feb5265b209cdec29aad50a3d6e93d21e2
  languageName: node
  linkType: hard

"magic-string@npm:^0.30.10":
  version: 0.30.10
  resolution: "magic-string@npm:0.30.10"
  dependencies:
    "@jridgewell/sourcemap-codec": "npm:^1.4.15"
  checksum: 10/9f8bf6363a14c98a9d9f32ef833b194702a5c98fb931b05ac511b76f0b06fd30ed92beda6ca3261d2d52d21e39e891ef1136fbd032023f6cbb02d0b7d5767201
  languageName: node
  linkType: hard

"make-error@npm:^1.1.1":
  version: 1.3.6
  resolution: "make-error@npm:1.3.6"
  checksum: 10/b86e5e0e25f7f777b77fabd8e2cbf15737972869d852a22b7e73c17623928fccb826d8e46b9951501d3f20e51ad74ba8c59ed584f610526a48f8ccf88aaec402
  languageName: node
  linkType: hard

"nanoid@npm:^3.3.7":
  version: 3.3.7
  resolution: "nanoid@npm:3.3.7"
  bin:
    nanoid: bin/nanoid.cjs
  checksum: 10/ac1eb60f615b272bccb0e2b9cd933720dad30bf9708424f691b8113826bb91aca7e9d14ef5d9415a6ba15c266b37817256f58d8ce980c82b0ba3185352565679
  languageName: node
  linkType: hard

"picocolors@npm:^1.0.0":
  version: 1.0.1
  resolution: "picocolors@npm:1.0.1"
  checksum: 10/fa68166d1f56009fc02a34cdfd112b0dd3cf1ef57667ac57281f714065558c01828cdf4f18600ad6851cbe0093952ed0660b1e0156bddf2184b6aaf5817553a5
  languageName: node
  linkType: hard

"postcss@npm:^8.4.38":
  version: 8.4.38
  resolution: "postcss@npm:8.4.38"
  dependencies:
    nanoid: "npm:^3.3.7"
    picocolors: "npm:^1.0.0"
    source-map-js: "npm:^1.2.0"
  checksum: 10/6e44a7ed835ffa9a2b096e8d3e5dfc6bcf331a25c48aeb862dd54e3aaecadf814fa22be224fd308f87d08adf2299164f88c5fd5ab1c4ef6cbd693ceb295377f4
  languageName: node
  linkType: hard

"prettier@npm:3.2.5":
  version: 3.2.5
  resolution: "prettier@npm:3.2.5"
  bin:
    prettier: bin/prettier.cjs
  checksum: 10/d509f9da0b70e8cacc561a1911c0d99ec75117faed27b95cc8534cb2349667dee6351b0ca83fa9d5703f14127faa52b798de40f5705f02d843da133fc3aa416a
  languageName: node
  linkType: hard

"source-map-js@npm:^1.2.0":
  version: 1.2.0
  resolution: "source-map-js@npm:1.2.0"
  checksum: 10/74f331cfd2d121c50790c8dd6d3c9de6be21926de80583b23b37029b0f37aefc3e019fa91f9a10a5e120c08135297e1ecf312d561459c45908cb1e0e365f49e5
  languageName: node
  linkType: hard

"to-fast-properties@npm:^2.0.0":
  version: 2.0.0
  resolution: "to-fast-properties@npm:2.0.0"
  checksum: 10/be2de62fe58ead94e3e592680052683b1ec986c72d589e7b21e5697f8744cdbf48c266fa72f6c15932894c10187b5f54573a3bcf7da0bfd964d5caf23d436168
  languageName: node
  linkType: hard

"ts-node@npm:10.9.2":
  version: 10.9.2
  resolution: "ts-node@npm:10.9.2"
  dependencies:
    "@cspotcode/source-map-support": "npm:^0.8.0"
    "@tsconfig/node10": "npm:^1.0.7"
    "@tsconfig/node12": "npm:^1.0.7"
    "@tsconfig/node14": "npm:^1.0.0"
    "@tsconfig/node16": "npm:^1.0.2"
    acorn: "npm:^8.4.1"
    acorn-walk: "npm:^8.1.1"
    arg: "npm:^4.1.0"
    create-require: "npm:^1.1.0"
    diff: "npm:^4.0.1"
    make-error: "npm:^1.1.1"
    v8-compile-cache-lib: "npm:^3.0.1"
    yn: "npm:3.1.1"
  peerDependencies:
    "@swc/core": ">=1.2.50"
    "@swc/wasm": ">=1.2.50"
    "@types/node": "*"
    typescript: ">=2.7"
  peerDependenciesMeta:
    "@swc/core":
      optional: true
    "@swc/wasm":
      optional: true
  bin:
    ts-node: dist/bin.js
    ts-node-cwd: dist/bin-cwd.js
    ts-node-esm: dist/bin-esm.js
    ts-node-script: dist/bin-script.js
    ts-node-transpile-only: dist/bin-transpile.js
    ts-script: dist/bin-script-deprecated.js
  checksum: 10/a91a15b3c9f76ac462f006fa88b6bfa528130dcfb849dd7ef7f9d640832ab681e235b8a2bc58ecde42f72851cc1d5d4e22c901b0c11aa51001ea1d395074b794
  languageName: node
  linkType: hard

"typescript@npm:5.5.2":
  version: 5.5.2
  resolution: "typescript@npm:5.5.2"
  bin:
    tsc: bin/tsc
    tsserver: bin/tsserver
  checksum: 10/9118b20f248e76b0dbff8737fef65dfa89d02668d4e633d2c5ceac99033a0ca5e8a1c1a53bc94da68e8f67677a88f318663dde859c9e9a09c1e116415daec2ba
  languageName: node
  linkType: hard

"typescript@patch:typescript@npm%3A5.5.2#optional!builtin<compat/typescript>":
  version: 5.5.2
  resolution: "typescript@patch:typescript@npm%3A5.5.2#optional!builtin<compat/typescript>::version=5.5.2&hash=b45daf"
  bin:
    tsc: bin/tsc
    tsserver: bin/tsserver
  checksum: 10/28b3de2ddaf63a7620e7ddbe5d377af71ce93ecc558c41bf0e3d88661d8e6e7aa6c7739164fef98055f69819e41faca49252938ef3633a3dff2734cca6a9042e
  languageName: node
  linkType: hard

"undici-types@npm:~5.26.4":
  version: 5.26.5
  resolution: "undici-types@npm:5.26.5"
  checksum: 10/0097779d94bc0fd26f0418b3a05472410408877279141ded2bd449167be1aed7ea5b76f756562cb3586a07f251b90799bab22d9019ceba49c037c76445f7cddd
  languageName: node
  linkType: hard

"v8-compile-cache-lib@npm:^3.0.1":
  version: 3.0.1
  resolution: "v8-compile-cache-lib@npm:3.0.1"
  checksum: 10/88d3423a52b6aaf1836be779cab12f7016d47ad8430dffba6edf766695e6d90ad4adaa3d8eeb512cc05924f3e246c4a4ca51e089dccf4402caa536b5e5be8961
  languageName: node
  linkType: hard

"vue-demi@npm:>=0.14.8":
  version: 0.14.8
  resolution: "vue-demi@npm:0.14.8"
  peerDependencies:
    "@vue/composition-api": ^1.0.0-rc.1
    vue: ^3.0.0-0 || ^2.6.0
  peerDependenciesMeta:
    "@vue/composition-api":
      optional: true
  bin:
    vue-demi-fix: bin/vue-demi-fix.js
    vue-demi-switch: bin/vue-demi-switch.js
  checksum: 10/88af227aa3a83607584c4f614efee9ac2fb8ea124db85f2f88bab62382cdfbd6611d9d2489ca757d3518afc7df7ea69257bf182705d20e473404e64959e9f838
  languageName: node
  linkType: hard

"vue3-enter-to-tab@workspace:.":
  version: 0.0.0-use.local
  resolution: "vue3-enter-to-tab@workspace:."
  dependencies:
    "@types/node": "npm:20.14.2"
    "@vueuse/core": "npm:^10.10.0"
    prettier: "npm:3.2.5"
    ts-node: "npm:10.9.2"
    typescript: "npm:5.5.2"
    vue: "npm:^3.4.27"
  languageName: unknown
  linkType: soft

"vue@npm:^3.4.27":
  version: 3.4.29
  resolution: "vue@npm:3.4.29"
  dependencies:
    "@vue/compiler-dom": "npm:3.4.29"
    "@vue/compiler-sfc": "npm:3.4.29"
    "@vue/runtime-dom": "npm:3.4.29"
    "@vue/server-renderer": "npm:3.4.29"
    "@vue/shared": "npm:3.4.29"
  peerDependencies:
    typescript: "*"
  peerDependenciesMeta:
    typescript:
      optional: true
  checksum: 10/0e37ee43e311c5502a78bab97d44b2cbd847867015c17e2a492ef69f5520d264c32b667e6e49ab499e648984708e87988623836ebdd9a7895e73c16af80a1dfe
  languageName: node
  linkType: hard

"yn@npm:3.1.1":
  version: 3.1.1
  resolution: "yn@npm:3.1.1"
  checksum: 10/2c487b0e149e746ef48cda9f8bad10fc83693cd69d7f9dcd8be4214e985de33a29c9e24f3c0d6bcf2288427040a8947406ab27f7af67ee9456e6b84854f02dd6
  languageName: node
  linkType: hard
