# This file is generated by running "yarn install" inside your project.
# Manual changes might be lost - proceed with caution!

__metadata:
  version: 8
  cacheKey: 10

"@babel/helper-string-parser@npm:^7.24.8":
  version: 7.24.8
  resolution: "@babel/helper-string-parser@npm:7.24.8"
  checksum: 10/6d1bf8f27dd725ce02bdc6dffca3c95fb9ab8a06adc2edbd9c1c9d68500274230d1a609025833ed81981eff560045b6b38f7b4c6fb1ab19fc90e5004e3932535
  languageName: node
  linkType: hard

"@babel/helper-validator-identifier@npm:^7.24.7":
  version: 7.24.7
  resolution: "@babel/helper-validator-identifier@npm:7.24.7"
  checksum: 10/86875063f57361471b531dbc2ea10bbf5406e12b06d249b03827d361db4cad2388c6f00936bcd9dc86479f7e2c69ea21412c2228d4b3672588b754b70a449d4b
  languageName: node
  linkType: hard

"@babel/parser@npm:^7.25.3":
  version: 7.25.6
  resolution: "@babel/parser@npm:7.25.6"
  dependencies:
    "@babel/types": "npm:^7.25.6"
  bin:
    parser: ./bin/babel-parser.js
  checksum: 10/830aab72116aa14eb8d61bfa8f9d69fc8f3a43d909ce993cb4350ae14d3af1a2f740a54410a22d821c48a253263643dfecbc094f9608e6a70ce9ff3c0bbfe91a
  languageName: node
  linkType: hard

"@babel/types@npm:^7.25.6":
  version: 7.25.6
  resolution: "@babel/types@npm:7.25.6"
  dependencies:
    "@babel/helper-string-parser": "npm:^7.24.8"
    "@babel/helper-validator-identifier": "npm:^7.24.7"
    to-fast-properties: "npm:^2.0.0"
  checksum: 10/7b54665e1b51f525fe0f451efdd9fe7a4a6dfba3fd4956c3530bc77336b66ffe3d78c093796ed044119b5d213176af7cf326f317a2057c538d575c6cefcb3562
  languageName: node
  linkType: hard

"@cspotcode/source-map-support@npm:^0.8.0":
  version: 0.8.1
  resolution: "@cspotcode/source-map-support@npm:0.8.1"
  dependencies:
    "@jridgewell/trace-mapping": "npm:0.3.9"
  checksum: 10/b6e38a1712fab242c86a241c229cf562195aad985d0564bd352ac404be583029e89e93028ffd2c251d2c407ecac5fb0cbdca94a2d5c10f29ac806ede0508b3ff
  languageName: node
  linkType: hard

"@jridgewell/resolve-uri@npm:^3.0.3":
  version: 3.1.2
  resolution: "@jridgewell/resolve-uri@npm:3.1.2"
  checksum: 10/97106439d750a409c22c8bff822d648f6a71f3aa9bc8e5129efdc36343cd3096ddc4eeb1c62d2fe48e9bdd4db37b05d4646a17114ecebd3bbcacfa2de51c3c1d
  languageName: node
  linkType: hard

"@jridgewell/sourcemap-codec@npm:^1.4.10":
  version: 1.4.15
  resolution: "@jridgewell/sourcemap-codec@npm:1.4.15"
  checksum: 10/89960ac087781b961ad918978975bcdf2051cd1741880469783c42de64239703eab9db5230d776d8e6a09d73bb5e4cb964e07d93ee6e2e7aea5a7d726e865c09
  languageName: node
  linkType: hard

"@jridgewell/sourcemap-codec@npm:^1.5.0":
  version: 1.5.0
  resolution: "@jridgewell/sourcemap-codec@npm:1.5.0"
  checksum: 10/4ed6123217569a1484419ac53f6ea0d9f3b57e5b57ab30d7c267bdb27792a27eb0e4b08e84a2680aa55cc2f2b411ffd6ec3db01c44fdc6dc43aca4b55f8374fd
  languageName: node
  linkType: hard

"@jridgewell/trace-mapping@npm:0.3.9":
  version: 0.3.9
  resolution: "@jridgewell/trace-mapping@npm:0.3.9"
  dependencies:
    "@jridgewell/resolve-uri": "npm:^3.0.3"
    "@jridgewell/sourcemap-codec": "npm:^1.4.10"
  checksum: 10/83deafb8e7a5ca98993c2c6eeaa93c270f6f647a4c0dc00deb38c9cf9b2d3b7bf15e8839540155247ef034a052c0ec4466f980bf0c9e2ab63b97d16c0cedd3ff
  languageName: node
  linkType: hard

"@tsconfig/node10@npm:^1.0.7":
  version: 1.0.11
  resolution: "@tsconfig/node10@npm:1.0.11"
  checksum: 10/51fe47d55fe1b80ec35e6e5ed30a13665fd3a531945350aa74a14a1e82875fb60b350c2f2a5e72a64831b1b6bc02acb6760c30b3738b54954ec2dea82db7a267
  languageName: node
  linkType: hard

"@tsconfig/node12@npm:^1.0.7":
  version: 1.0.11
  resolution: "@tsconfig/node12@npm:1.0.11"
  checksum: 10/5ce29a41b13e7897a58b8e2df11269c5395999e588b9a467386f99d1d26f6c77d1af2719e407621412520ea30517d718d5192a32403b8dfcc163bf33e40a338a
  languageName: node
  linkType: hard

"@tsconfig/node14@npm:^1.0.0":
  version: 1.0.3
  resolution: "@tsconfig/node14@npm:1.0.3"
  checksum: 10/19275fe80c4c8d0ad0abed6a96dbf00642e88b220b090418609c4376e1cef81bf16237bf170ad1b341452feddb8115d8dd2e5acdfdea1b27422071163dc9ba9d
  languageName: node
  linkType: hard

"@tsconfig/node16@npm:^1.0.2":
  version: 1.0.4
  resolution: "@tsconfig/node16@npm:1.0.4"
  checksum: 10/202319785901f942a6e1e476b872d421baec20cf09f4b266a1854060efbf78cde16a4d256e8bc949d31e6cd9a90f1e8ef8fb06af96a65e98338a2b6b0de0a0ff
  languageName: node
  linkType: hard

"@types/node@npm:22.10.2":
  version: 22.10.2
  resolution: "@types/node@npm:22.10.2"
  dependencies:
    undici-types: "npm:~6.20.0"
  checksum: 10/451adfefed4add58b069407173e616220fd4aaa3307cdde1bb701aa053b65b54ced8483db2f870dcedec7a58cb3b06101fbc19d85852716672ec1fd3660947fa
  languageName: node
  linkType: hard

"@types/web-bluetooth@npm:^0.0.20":
  version: 0.0.20
  resolution: "@types/web-bluetooth@npm:0.0.20"
  checksum: 10/2faa323e5c994e9468fff4675e3b6d35f3730eb4dc7c761d02267fb6246dbfd659fd8f3583db0872aae05b3ee139799c25655bbe79bf1b56c08c06e665db814b
  languageName: node
  linkType: hard

"@vue/compiler-core@npm:3.5.3":
  version: 3.5.3
  resolution: "@vue/compiler-core@npm:3.5.3"
  dependencies:
    "@babel/parser": "npm:^7.25.3"
    "@vue/shared": "npm:3.5.3"
    entities: "npm:^4.5.0"
    estree-walker: "npm:^2.0.2"
    source-map-js: "npm:^1.2.0"
  checksum: 10/7efa425e24b2365247e45e24ad2da86e9a89b1b2bf56b985f1ecb1379e0d0b7ff1a7d56cdda19e501d8271e2a13fd348cfcf684869ab84e985f7f6404412bd37
  languageName: node
  linkType: hard

"@vue/compiler-dom@npm:3.5.3":
  version: 3.5.3
  resolution: "@vue/compiler-dom@npm:3.5.3"
  dependencies:
    "@vue/compiler-core": "npm:3.5.3"
    "@vue/shared": "npm:3.5.3"
  checksum: 10/05f02e50be943eec10df7433b3d659817a33862a7f6a34a89e02979cc68b7d792f431f0094b2096370f154f6cae15fd78b870fe491bfab1e6598e7382eaa652e
  languageName: node
  linkType: hard

"@vue/compiler-sfc@npm:3.5.3":
  version: 3.5.3
  resolution: "@vue/compiler-sfc@npm:3.5.3"
  dependencies:
    "@babel/parser": "npm:^7.25.3"
    "@vue/compiler-core": "npm:3.5.3"
    "@vue/compiler-dom": "npm:3.5.3"
    "@vue/compiler-ssr": "npm:3.5.3"
    "@vue/shared": "npm:3.5.3"
    estree-walker: "npm:^2.0.2"
    magic-string: "npm:^0.30.11"
    postcss: "npm:^8.4.44"
    source-map-js: "npm:^1.2.0"
  checksum: 10/2538c7a1b6ed48c6c66936dbd468022f7c8ec7e93df30d0c18ab91b03a93c58b8779a9b6a200704bee25412afdbfc05b4941802a2db21f9ce9504d94220b7369
  languageName: node
  linkType: hard

"@vue/compiler-ssr@npm:3.5.3":
  version: 3.5.3
  resolution: "@vue/compiler-ssr@npm:3.5.3"
  dependencies:
    "@vue/compiler-dom": "npm:3.5.3"
    "@vue/shared": "npm:3.5.3"
  checksum: 10/e4dc7b00cd70d6bd36dc1801b634af66a024b7e99eb709367126084f4b1202564a7f8c887eca75520ec3f0a35447f2a5f617193cbef46c5ce3e58a32aa6041c6
  languageName: node
  linkType: hard

"@vue/reactivity@npm:3.5.3":
  version: 3.5.3
  resolution: "@vue/reactivity@npm:3.5.3"
  dependencies:
    "@vue/shared": "npm:3.5.3"
  checksum: 10/bb32a4ff7898f72248d27cefcc4d8df2e70c971e2d5f76653a30d5c1153e9553b8d09a967bb011dc5dac7dd018a6784c60be1c6223dea4f8458eae698170d615
  languageName: node
  linkType: hard

"@vue/runtime-core@npm:3.5.3":
  version: 3.5.3
  resolution: "@vue/runtime-core@npm:3.5.3"
  dependencies:
    "@vue/reactivity": "npm:3.5.3"
    "@vue/shared": "npm:3.5.3"
  checksum: 10/306f2c9045b4cfb0673639b486fb83b48646e9b647e404543b73d242ce9aa40a51e1c22f9980dcd55afd726b3b45df3572152ea8b1ee8930f29d533fee2d9575
  languageName: node
  linkType: hard

"@vue/runtime-dom@npm:3.5.3":
  version: 3.5.3
  resolution: "@vue/runtime-dom@npm:3.5.3"
  dependencies:
    "@vue/reactivity": "npm:3.5.3"
    "@vue/runtime-core": "npm:3.5.3"
    "@vue/shared": "npm:3.5.3"
    csstype: "npm:^3.1.3"
  checksum: 10/4762dd500239033639d60a27f2b4c0a6f4e3af6e9ac3d9a7ddea103e1d49db2c2ae7a2bcd0a567c8660fd08ccc403b836f8cf51e1382d1ca9c27ccfc1d73b543
  languageName: node
  linkType: hard

"@vue/server-renderer@npm:3.5.3":
  version: 3.5.3
  resolution: "@vue/server-renderer@npm:3.5.3"
  dependencies:
    "@vue/compiler-ssr": "npm:3.5.3"
    "@vue/shared": "npm:3.5.3"
  peerDependencies:
    vue: 3.5.3
  checksum: 10/a61a86b03fd1ab52468b21ad44640d26e39b4884604aef155a55fe0a4057afb7a67fa057dace68c58c2471bb3f98444b61f5e9db05fc3e3d92b1c1a4000752db
  languageName: node
  linkType: hard

"@vue/shared@npm:3.5.3":
  version: 3.5.3
  resolution: "@vue/shared@npm:3.5.3"
  checksum: 10/c2951e0efddb3acb2f5ff937977e27684a69bd4d3e30ccd3898216a9fa3323849adfd17c6b22af3094fd704827a467e6ede22ddcd2598d07ffcb80e97b763f8e
  languageName: node
  linkType: hard

"@vueuse/core@npm:^11.1.0":
  version: 11.1.0
  resolution: "@vueuse/core@npm:11.1.0"
  dependencies:
    "@types/web-bluetooth": "npm:^0.0.20"
    "@vueuse/metadata": "npm:11.1.0"
    "@vueuse/shared": "npm:11.1.0"
    vue-demi: "npm:>=0.14.10"
  checksum: 10/2ed51d0a49588bf23f18b31e16756b0ddd1a97e1fa426f73e805d76c52d1b51959372f04040e7bdad2d922568afe8a5c6674e6efbeac17624ee843bad17671bf
  languageName: node
  linkType: hard

"@vueuse/metadata@npm:11.1.0":
  version: 11.1.0
  resolution: "@vueuse/metadata@npm:11.1.0"
  checksum: 10/3bb0171a275845780678360a8e74591b52ad3a25aba61bee0e57924410918c343ccb94b9317a06e77c92e6e18a7d22ddf46ea51eea930fea6ca9b06053875522
  languageName: node
  linkType: hard

"@vueuse/shared@npm:11.1.0":
  version: 11.1.0
  resolution: "@vueuse/shared@npm:11.1.0"
  dependencies:
    vue-demi: "npm:>=0.14.10"
  checksum: 10/467bd1da45e4cf8d5a9c91129bd7e2cfecd80e896e8fd11e6a85fa28d2743b124faf595fc54e1c00359f721b3faf70c5f9574130c7ab3a30c4891a89c77b80fd
  languageName: node
  linkType: hard

"acorn-walk@npm:^8.1.1":
  version: 8.3.2
  resolution: "acorn-walk@npm:8.3.2"
  checksum: 10/57dbe2fd8cf744f562431775741c5c087196cd7a65ce4ccb3f3981cdfad25cd24ad2bad404997b88464ac01e789a0a61e5e355b2a84876f13deef39fb39686ca
  languageName: node
  linkType: hard

"acorn@npm:^8.4.1":
  version: 8.11.3
  resolution: "acorn@npm:8.11.3"
  bin:
    acorn: bin/acorn
  checksum: 10/b688e7e3c64d9bfb17b596e1b35e4da9d50553713b3b3630cf5690f2b023a84eac90c56851e6912b483fe60e8b4ea28b254c07e92f17ef83d72d78745a8352dd
  languageName: node
  linkType: hard

"arg@npm:^4.1.0":
  version: 4.1.3
  resolution: "arg@npm:4.1.3"
  checksum: 10/969b491082f20cad166649fa4d2073ea9e974a4e5ac36247ca23d2e5a8b3cb12d60e9ff70a8acfe26d76566c71fd351ee5e6a9a6595157eb36f92b1fd64e1599
  languageName: node
  linkType: hard

"create-require@npm:^1.1.0":
  version: 1.1.1
  resolution: "create-require@npm:1.1.1"
  checksum: 10/a9a1503d4390d8b59ad86f4607de7870b39cad43d929813599a23714831e81c520bddf61bcdd1f8e30f05fd3a2b71ae8538e946eb2786dc65c2bbc520f692eff
  languageName: node
  linkType: hard

"csstype@npm:^3.1.3":
  version: 3.1.3
  resolution: "csstype@npm:3.1.3"
  checksum: 10/f593cce41ff5ade23f44e77521e3a1bcc2c64107041e1bf6c3c32adc5187d0d60983292fda326154d20b01079e24931aa5b08e4467cc488b60bb1e7f6d478ade
  languageName: node
  linkType: hard

"diff@npm:^4.0.1":
  version: 4.0.2
  resolution: "diff@npm:4.0.2"
  checksum: 10/ec09ec2101934ca5966355a229d77afcad5911c92e2a77413efda5455636c4cf2ce84057e2d7715227a2eeeda04255b849bd3ae3a4dd22eb22e86e76456df069
  languageName: node
  linkType: hard

"entities@npm:^4.5.0":
  version: 4.5.0
  resolution: "entities@npm:4.5.0"
  checksum: 10/ede2a35c9bce1aeccd055a1b445d41c75a14a2bb1cd22e242f20cf04d236cdcd7f9c859eb83f76885327bfae0c25bf03303665ee1ce3d47c5927b98b0e3e3d48
  languageName: node
  linkType: hard

"estree-walker@npm:^2.0.2":
  version: 2.0.2
  resolution: "estree-walker@npm:2.0.2"
  checksum: 10/b02109c5d46bc2ed47de4990eef770f7457b1159a229f0999a09224d2b85ffeed2d7679cffcff90aeb4448e94b0168feb5265b209cdec29aad50a3d6e93d21e2
  languageName: node
  linkType: hard

"magic-string@npm:^0.30.11":
  version: 0.30.11
  resolution: "magic-string@npm:0.30.11"
  dependencies:
    "@jridgewell/sourcemap-codec": "npm:^1.5.0"
  checksum: 10/b784d2240252f5b1e755d487354ada4c672cbca16f045144f7185a75b059210e5fcca7be7be03ef1bac2ca754c4428b21d36ae64a9057ba429916f06b8c54eb2
  languageName: node
  linkType: hard

"make-error@npm:^1.1.1":
  version: 1.3.6
  resolution: "make-error@npm:1.3.6"
  checksum: 10/b86e5e0e25f7f777b77fabd8e2cbf15737972869d852a22b7e73c17623928fccb826d8e46b9951501d3f20e51ad74ba8c59ed584f610526a48f8ccf88aaec402
  languageName: node
  linkType: hard

"nanoid@npm:^3.3.7":
  version: 3.3.7
  resolution: "nanoid@npm:3.3.7"
  bin:
    nanoid: bin/nanoid.cjs
  checksum: 10/ac1eb60f615b272bccb0e2b9cd933720dad30bf9708424f691b8113826bb91aca7e9d14ef5d9415a6ba15c266b37817256f58d8ce980c82b0ba3185352565679
  languageName: node
  linkType: hard

"picocolors@npm:^1.0.1":
  version: 1.0.1
  resolution: "picocolors@npm:1.0.1"
  checksum: 10/fa68166d1f56009fc02a34cdfd112b0dd3cf1ef57667ac57281f714065558c01828cdf4f18600ad6851cbe0093952ed0660b1e0156bddf2184b6aaf5817553a5
  languageName: node
  linkType: hard

"postcss@npm:^8.4.44":
  version: 8.4.45
  resolution: "postcss@npm:8.4.45"
  dependencies:
    nanoid: "npm:^3.3.7"
    picocolors: "npm:^1.0.1"
    source-map-js: "npm:^1.2.0"
  checksum: 10/7eaf7346d04929ee979548ece5e34d253eae6f175346e298b2c4621ad6f4ee00adfe7abe72688640e910c0361ae50537c5dda3e35fd1066491282c342b3ee5c8
  languageName: node
  linkType: hard

"prettier@npm:3.4.1":
  version: 3.4.1
  resolution: "prettier@npm:3.4.1"
  bin:
    prettier: bin/prettier.cjs
  checksum: 10/1ee4d1b1a9b6761cbb847cd81b9d87e51a0f4b2a4d5fe5755627c24828afe057a7ee9b764c3ee777d84abd46218d173d8a204ee9cb3acdd321ff9a6b25f99c1c
  languageName: node
  linkType: hard

"source-map-js@npm:^1.2.0":
  version: 1.2.0
  resolution: "source-map-js@npm:1.2.0"
  checksum: 10/74f331cfd2d121c50790c8dd6d3c9de6be21926de80583b23b37029b0f37aefc3e019fa91f9a10a5e120c08135297e1ecf312d561459c45908cb1e0e365f49e5
  languageName: node
  linkType: hard

"to-fast-properties@npm:^2.0.0":
  version: 2.0.0
  resolution: "to-fast-properties@npm:2.0.0"
  checksum: 10/be2de62fe58ead94e3e592680052683b1ec986c72d589e7b21e5697f8744cdbf48c266fa72f6c15932894c10187b5f54573a3bcf7da0bfd964d5caf23d436168
  languageName: node
  linkType: hard

"ts-node@npm:10.9.2":
  version: 10.9.2
  resolution: "ts-node@npm:10.9.2"
  dependencies:
    "@cspotcode/source-map-support": "npm:^0.8.0"
    "@tsconfig/node10": "npm:^1.0.7"
    "@tsconfig/node12": "npm:^1.0.7"
    "@tsconfig/node14": "npm:^1.0.0"
    "@tsconfig/node16": "npm:^1.0.2"
    acorn: "npm:^8.4.1"
    acorn-walk: "npm:^8.1.1"
    arg: "npm:^4.1.0"
    create-require: "npm:^1.1.0"
    diff: "npm:^4.0.1"
    make-error: "npm:^1.1.1"
    v8-compile-cache-lib: "npm:^3.0.1"
    yn: "npm:3.1.1"
  peerDependencies:
    "@swc/core": ">=1.2.50"
    "@swc/wasm": ">=1.2.50"
    "@types/node": "*"
    typescript: ">=2.7"
  peerDependenciesMeta:
    "@swc/core":
      optional: true
    "@swc/wasm":
      optional: true
  bin:
    ts-node: dist/bin.js
    ts-node-cwd: dist/bin-cwd.js
    ts-node-esm: dist/bin-esm.js
    ts-node-script: dist/bin-script.js
    ts-node-transpile-only: dist/bin-transpile.js
    ts-script: dist/bin-script-deprecated.js
  checksum: 10/a91a15b3c9f76ac462f006fa88b6bfa528130dcfb849dd7ef7f9d640832ab681e235b8a2bc58ecde42f72851cc1d5d4e22c901b0c11aa51001ea1d395074b794
  languageName: node
  linkType: hard

"typescript@npm:5.7.2":
  version: 5.7.2
  resolution: "typescript@npm:5.7.2"
  bin:
    tsc: bin/tsc
    tsserver: bin/tsserver
  checksum: 10/4caa3904df69db9d4a8bedc31bafc1e19ffb7b24fbde2997a1633ae1398d0de5bdbf8daf602ccf3b23faddf1aeeb9b795223a2ed9c9a4fdcaf07bfde114a401a
  languageName: node
  linkType: hard

"typescript@patch:typescript@npm%3A5.7.2#optional!builtin<compat/typescript>":
  version: 5.7.2
  resolution: "typescript@patch:typescript@npm%3A5.7.2#optional!builtin<compat/typescript>::version=5.7.2&hash=5786d5"
  bin:
    tsc: bin/tsc
    tsserver: bin/tsserver
  checksum: 10/d75ca10141afc64fd3474b41a8b082b640555bed388d237558aed64e5827ddadb48f90932c7f4205883f18f5bcab8b6a739a2cfac95855604b0dfeb34bc2f3eb
  languageName: node
  linkType: hard

"undici-types@npm:~6.20.0":
  version: 6.20.0
  resolution: "undici-types@npm:6.20.0"
  checksum: 10/583ac7bbf4ff69931d3985f4762cde2690bb607844c16a5e2fbb92ed312fe4fa1b365e953032d469fa28ba8b224e88a595f0b10a449332f83fa77c695e567dbe
  languageName: node
  linkType: hard

"v8-compile-cache-lib@npm:^3.0.1":
  version: 3.0.1
  resolution: "v8-compile-cache-lib@npm:3.0.1"
  checksum: 10/88d3423a52b6aaf1836be779cab12f7016d47ad8430dffba6edf766695e6d90ad4adaa3d8eeb512cc05924f3e246c4a4ca51e089dccf4402caa536b5e5be8961
  languageName: node
  linkType: hard

"vue-demi@npm:>=0.14.10":
  version: 0.14.10
  resolution: "vue-demi@npm:0.14.10"
  peerDependencies:
    "@vue/composition-api": ^1.0.0-rc.1
    vue: ^3.0.0-0 || ^2.6.0
  peerDependenciesMeta:
    "@vue/composition-api":
      optional: true
  bin:
    vue-demi-fix: bin/vue-demi-fix.js
    vue-demi-switch: bin/vue-demi-switch.js
  checksum: 10/3028239c0c25a84361a13ab936fcc9a199f54e0320c2ec1d2f4fdf7da8bae663382b7c1e5b1f5a1a43f6aebc73b955892cd4b6c7b3eaf2b766e18cc2a6f7ebea
  languageName: node
  linkType: hard

"vue3-enter-to-tab@workspace:.":
  version: 0.0.0-use.local
  resolution: "vue3-enter-to-tab@workspace:."
  dependencies:
    "@types/node": "npm:22.10.2"
    "@vueuse/core": "npm:^11.1.0"
    prettier: "npm:3.4.1"
    ts-node: "npm:10.9.2"
    typescript: "npm:5.7.2"
    vue: "npm:^3.5.3"
  languageName: unknown
  linkType: soft

"vue@npm:^3.5.3":
  version: 3.5.3
  resolution: "vue@npm:3.5.3"
  dependencies:
    "@vue/compiler-dom": "npm:3.5.3"
    "@vue/compiler-sfc": "npm:3.5.3"
    "@vue/runtime-dom": "npm:3.5.3"
    "@vue/server-renderer": "npm:3.5.3"
    "@vue/shared": "npm:3.5.3"
  peerDependencies:
    typescript: "*"
  peerDependenciesMeta:
    typescript:
      optional: true
  checksum: 10/84cba8f0658375d87593f031a82c53cd5534e1b35988d8aa8f0917fed4957390cd1be5bf443f9c9532379d602fd4c279c9ee7a5070b0de9ce9588dd456232b20
  languageName: node
  linkType: hard

"yn@npm:3.1.1":
  version: 3.1.1
  resolution: "yn@npm:3.1.1"
  checksum: 10/2c487b0e149e746ef48cda9f8bad10fc83693cd69d7f9dcd8be4214e985de33a29c9e24f3c0d6bcf2288427040a8947406ab27f7af67ee9456e6b84854f02dd6
  languageName: node
  linkType: hard
